
Microsoft Visual Studio Solution File, Format Version 12.00
# Visual Studio Version 17
VisualStudioVersion = 17.13.35913.81 d17.13
MinimumVisualStudioVersion = 10.0.40219.1
Project("{FAE04EC0-301F-11D3-BF4B-00C04F79EFBC}") = "Inventario.Web", "Inventario.Web\Inventario.Web.csproj", "{4E962AFF-3414-4C4D-AE29-1DD4231409CF}"
EndProject
Global
	GlobalSection(SolutionConfigurationPlatforms) = preSolution
		Debug|Any CPU = Debug|Any CPU
		Release|Any CPU = Release|Any CPU
	EndGlobalSection
	GlobalSection(ProjectConfigurationPlatforms) = postSolution
		{4E962AFF-3414-4C4D-AE29-1DD4231409CF}.Debug|Any CPU.ActiveCfg = Debug|Any CPU
		{4E962AFF-3414-4C4D-AE29-1DD4231409CF}.Debug|Any CPU.Build.0 = Debug|Any CPU
		{4E962AFF-3414-4C4D-AE29-1DD4231409CF}.Release|Any CPU.ActiveCfg = Release|Any CPU
		{4E962AFF-3414-4C4D-AE29-1DD4231409CF}.Release|Any CPU.Build.0 = Release|Any CPU
	EndGlobalSection
	GlobalSection(SolutionProperties) = preSolution
		HideSolutionNode = FALSE
	EndGlobalSection
	GlobalSection(ExtensibilityGlobals) = postSolution
		SolutionGuid = {AB1B7ADC-7EA8-493E-844B-63D85659DAD3}
	EndGlobalSection
EndGlobal
